
Microsoft Visual Studio Solution File, Format Version 12.00
# Visual Studio Version 17
VisualStudioVersion = 17.4.33122.133
MinimumVisualStudioVersion = 10.0.40219.1
Project("{FAE04EC0-301F-11D3-BF4B-00C04F79EFBC}") = "PowderDetector", "PowderDetector\PowderDetector.csproj", "{EFDA4134-15BD-4870-9A44-2CFF4DCB16E1}"
EndProject
Global
	GlobalSection(SolutionConfigurationPlatforms) = preSolution
		Debug|Any CPU = Debug|Any CPU
		Release|Any CPU = Release|Any CPU
	EndGlobalSection
	GlobalSection(ProjectConfigurationPlatforms) = postSolution
		{EFDA4134-15BD-4870-9A44-2CFF4DCB16E1}.Debug|Any CPU.ActiveCfg = Debug|Any CPU
		{EFDA4134-15BD-4870-9A44-2CFF4DCB16E1}.Debug|Any CPU.Build.0 = Debug|Any CPU
		{EFDA4134-15BD-4870-9A44-2CFF4DCB16E1}.Release|Any CPU.ActiveCfg = Release|Any CPU
		{EFDA4134-15BD-4870-9A44-2CFF4DCB16E1}.Release|Any CPU.Build.0 = Release|Any CPU
	EndGlobalSection
	GlobalSection(SolutionProperties) = preSolution
		HideSolutionNode = FALSE
	EndGlobalSection
	GlobalSection(ExtensibilityGlobals) = postSolution
		SolutionGuid = {13842F8C-D2F3-4E89-BF60-E358D90A26CB}
	EndGlobalSection
EndGlobal
